
Microsoft Visual Studio Solution File, Format Version 12.00
# Visual Studio Version 16
VisualStudioVersion = 16.0.31313.79
MinimumVisualStudioVersion = 10.0.40219.1
Project("{FAE04EC0-301F-11D3-BF4B-00C04F79EFBC}") = "Web", "Web\Web.csproj", "{07F3B48D-1A8D-4315-90A5-6388B57CFE75}"
EndProject
Global
	GlobalSection(SolutionConfigurationPlatforms) = preSolution
		Debug|Any CPU = Debug|Any CPU
		Release|Any CPU = Release|Any CPU
	EndGlobalSection
	GlobalSection(ProjectConfigurationPlatforms) = postSolution
		{07F3B48D-1A8D-4315-90A5-6388B57CFE75}.Debug|Any CPU.ActiveCfg = Debug|Any CPU
		{07F3B48D-1A8D-4315-90A5-6388B57CFE75}.Debug|Any CPU.Build.0 = Debug|Any CPU
		{07F3B48D-1A8D-4315-90A5-6388B57CFE75}.Release|Any CPU.ActiveCfg = Release|Any CPU
		{07F3B48D-1A8D-4315-90A5-6388B57CFE75}.Release|Any CPU.Build.0 = Release|Any CPU
	EndGlobalSection
	GlobalSection(SolutionProperties) = preSolution
		HideSolutionNode = FALSE
	EndGlobalSection
	GlobalSection(ExtensibilityGlobals) = postSolution
		SolutionGuid = {B0AB7674-AD06-4167-8669-EB869E748C49}
	EndGlobalSection
EndGlobal
